// !$*UTF8*$!
{
	archiveVersion = 1;
	classes = {
	};
	objectVersion = 51;
	objects = {

/* Begin PBXBuildFile section */
		1024C13924A75422002593A9 /* MainContainer.swift in Sources */ = {isa = PBXBuildFile; fileRef = 1024C13824A75422002593A9 /* MainContainer.swift */; };
		1024C13C24A7544F002593A9 /* API.swift in Sources */ = {isa = PBXBuildFile; fileRef = 1024C13B24A7544F002593A9 /* API.swift */; };
		1095E56B24A8D239001DF322 /* Coordinator.swift in Sources */ = {isa = PBXBuildFile; fileRef = 1095E56A24A8D239001DF322 /* Coordinator.swift */; };
		1095E56E24A8D285001DF322 /* Storyboarded.swift in Sources */ = {isa = PBXBuildFile; fileRef = 1095E56D24A8D285001DF322 /* Storyboarded.swift */; };
		1095E57324A8D2F9001DF322 /* MainCoordinator.swift in Sources */ = {isa = PBXBuildFile; fileRef = 1095E57224A8D2F9001DF322 /* MainCoordinator.swift */; };
		1095E57624A8D3E0001DF322 /* BasketViewModel.swift in Sources */ = {isa = PBXBuildFile; fileRef = 1095E57524A8D3E0001DF322 /* BasketViewModel.swift */; };
		1095E57824A8D3FA001DF322 /* ShopViewModel.swift in Sources */ = {isa = PBXBuildFile; fileRef = 1095E57724A8D3FA001DF322 /* ShopViewModel.swift */; };
		1095E57B24A8D42D001DF322 /* BasketViewController.swift in Sources */ = {isa = PBXBuildFile; fileRef = 1095E57A24A8D42D001DF322 /* BasketViewController.swift */; };
		1095E57D24A8D468001DF322 /* ShopViewController.swift in Sources */ = {isa = PBXBuildFile; fileRef = 1095E57C24A8D468001DF322 /* ShopViewController.swift */; };
		1095E58524A8DEF3001DF322 /* ProductTVCell.swift in Sources */ = {isa = PBXBuildFile; fileRef = 1095E58324A8DEF3001DF322 /* ProductTVCell.swift */; };
		1095E58624A8DEF3001DF322 /* ProductTVCell.xib in Resources */ = {isa = PBXBuildFile; fileRef = 1095E58424A8DEF3001DF322 /* ProductTVCell.xib */; };
		1095E58924A8E01F001DF322 /* BasketParent.swift in Sources */ = {isa = PBXBuildFile; fileRef = 1095E58824A8E01F001DF322 /* BasketParent.swift */; };
		10AD488E24AA2D1800F3BB01 /* UIImageView+Download.swift in Sources */ = {isa = PBXBuildFile; fileRef = 10AD488D24AA2D1800F3BB01 /* UIImageView+Download.swift */; };
		10CCAD8924AA5B9600A3A1E6 /* Util.swift in Sources */ = {isa = PBXBuildFile; fileRef = 10CCAD8824AA5B9600A3A1E6 /* Util.swift */; };
		10D7D06B24A94C6C00F6A2CA /* ProductService.swift in Sources */ = {isa = PBXBuildFile; fileRef = 10D7D06A24A94C6C00F6A2CA /* ProductService.swift */; };
		1302E0250518EE78C7CD2EA3 /* Pods_EasyShopper.framework in Frameworks */ = {isa = PBXBuildFile; fileRef = F14D75317D3281442EC3B0DB /* Pods_EasyShopper.framework */; };
		317447952492AE7000862E28 /* AppDelegate.swift in Sources */ = {isa = PBXBuildFile; fileRef = 317447942492AE7000862E28 /* AppDelegate.swift */; };
		317447972492AE7000862E28 /* SceneDelegate.swift in Sources */ = {isa = PBXBuildFile; fileRef = 317447962492AE7000862E28 /* SceneDelegate.swift */; };
		3174479C2492AE7000862E28 /* Main.storyboard in Resources */ = {isa = PBXBuildFile; fileRef = 3174479A2492AE7000862E28 /* Main.storyboard */; };
		3174479E2492AE7200862E28 /* Assets.xcassets in Resources */ = {isa = PBXBuildFile; fileRef = 3174479D2492AE7200862E28 /* Assets.xcassets */; };
		317447A12492AE7200862E28 /* LaunchScreen.storyboard in Resources */ = {isa = PBXBuildFile; fileRef = 3174479F2492AE7200862E28 /* LaunchScreen.storyboard */; };
		317447AA2492AEAA00862E28 /* NetworkServiceMock.swift in Sources */ = {isa = PBXBuildFile; fileRef = 317447A92492AEAA00862E28 /* NetworkServiceMock.swift */; };
		317447AC2492AEE500862E28 /* DemoData.swift in Sources */ = {isa = PBXBuildFile; fileRef = 317447AB2492AEE500862E28 /* DemoData.swift */; };
		317447AF2492B6DC00862E28 /* Product.swift in Sources */ = {isa = PBXBuildFile; fileRef = 317447AE2492B6DC00862E28 /* Product.swift */; };
		317447B12492B78A00862E28 /* ShoppingBasket.swift in Sources */ = {isa = PBXBuildFile; fileRef = 317447B02492B78A00862E28 /* ShoppingBasket.swift */; };
/* End PBXBuildFile section */

/* Begin PBXFileReference section */
		1024C13824A75422002593A9 /* MainContainer.swift */ = {isa = PBXFileReference; lastKnownFileType = sourcecode.swift; path = MainContainer.swift; sourceTree = "<group>"; };
		1024C13B24A7544F002593A9 /* API.swift */ = {isa = PBXFileReference; lastKnownFileType = sourcecode.swift; path = API.swift; sourceTree = "<group>"; };
		1095E56A24A8D239001DF322 /* Coordinator.swift */ = {isa = PBXFileReference; lastKnownFileType = sourcecode.swift; path = Coordinator.swift; sourceTree = "<group>"; };
		1095E56D24A8D285001DF322 /* Storyboarded.swift */ = {isa = PBXFileReference; lastKnownFileType = sourcecode.swift; path = Storyboarded.swift; sourceTree = "<group>"; };
		1095E57224A8D2F9001DF322 /* MainCoordinator.swift */ = {isa = PBXFileReference; lastKnownFileType = sourcecode.swift; path = MainCoordinator.swift; sourceTree = "<group>"; };
		1095E57524A8D3E0001DF322 /* BasketViewModel.swift */ = {isa = PBXFileReference; lastKnownFileType = sourcecode.swift; path = BasketViewModel.swift; sourceTree = "<group>"; };
		1095E57724A8D3FA001DF322 /* ShopViewModel.swift */ = {isa = PBXFileReference; lastKnownFileType = sourcecode.swift; path = ShopViewModel.swift; sourceTree = "<group>"; };
		1095E57A24A8D42D001DF322 /* BasketViewController.swift */ = {isa = PBXFileReference; lastKnownFileType = sourcecode.swift; path = BasketViewController.swift; sourceTree = "<group>"; };
		1095E57C24A8D468001DF322 /* ShopViewController.swift */ = {isa = PBXFileReference; lastKnownFileType = sourcecode.swift; path = ShopViewController.swift; sourceTree = "<group>"; };
		1095E58324A8DEF3001DF322 /* ProductTVCell.swift */ = {isa = PBXFileReference; lastKnownFileType = sourcecode.swift; path = ProductTVCell.swift; sourceTree = "<group>"; };
		1095E58424A8DEF3001DF322 /* ProductTVCell.xib */ = {isa = PBXFileReference; lastKnownFileType = file.xib; path = ProductTVCell.xib; sourceTree = "<group>"; };
		1095E58824A8E01F001DF322 /* BasketParent.swift */ = {isa = PBXFileReference; lastKnownFileType = sourcecode.swift; path = BasketParent.swift; sourceTree = "<group>"; };
		10AD488D24AA2D1800F3BB01 /* UIImageView+Download.swift */ = {isa = PBXFileReference; lastKnownFileType = sourcecode.swift; path = "UIImageView+Download.swift"; sourceTree = "<group>"; };
		10CCAD8824AA5B9600A3A1E6 /* Util.swift */ = {isa = PBXFileReference; lastKnownFileType = sourcecode.swift; path = Util.swift; sourceTree = "<group>"; };
		10D7D06A24A94C6C00F6A2CA /* ProductService.swift */ = {isa = PBXFileReference; lastKnownFileType = sourcecode.swift; path = ProductService.swift; sourceTree = "<group>"; };
		317447912492AE7000862E28 /* EasyShopper.app */ = {isa = PBXFileReference; explicitFileType = wrapper.application; includeInIndex = 0; path = EasyShopper.app; sourceTree = BUILT_PRODUCTS_DIR; };
		317447942492AE7000862E28 /* AppDelegate.swift */ = {isa = PBXFileReference; lastKnownFileType = sourcecode.swift; path = AppDelegate.swift; sourceTree = "<group>"; };
		317447962492AE7000862E28 /* SceneDelegate.swift */ = {isa = PBXFileReference; lastKnownFileType = sourcecode.swift; path = SceneDelegate.swift; sourceTree = "<group>"; };
		3174479B2492AE7000862E28 /* Base */ = {isa = PBXFileReference; lastKnownFileType = file.storyboard; name = Base; path = Base.lproj/Main.storyboard; sourceTree = "<group>"; };
		3174479D2492AE7200862E28 /* Assets.xcassets */ = {isa = PBXFileReference; lastKnownFileType = folder.assetcatalog; path = Assets.xcassets; sourceTree = "<group>"; };
		317447A02492AE7200862E28 /* Base */ = {isa = PBXFileReference; lastKnownFileType = file.storyboard; name = Base; path = Base.lproj/LaunchScreen.storyboard; sourceTree = "<group>"; };
		317447A22492AE7200862E28 /* Info.plist */ = {isa = PBXFileReference; lastKnownFileType = text.plist.xml; path = Info.plist; sourceTree = "<group>"; };
		317447A92492AEAA00862E28 /* NetworkServiceMock.swift */ = {isa = PBXFileReference; lastKnownFileType = sourcecode.swift; path = NetworkServiceMock.swift; sourceTree = "<group>"; };
		317447AB2492AEE500862E28 /* DemoData.swift */ = {isa = PBXFileReference; lastKnownFileType = sourcecode.swift; path = DemoData.swift; sourceTree = "<group>"; };
		317447AE2492B6DC00862E28 /* Product.swift */ = {isa = PBXFileReference; lastKnownFileType = sourcecode.swift; path = Product.swift; sourceTree = "<group>"; };
		317447B02492B78A00862E28 /* ShoppingBasket.swift */ = {isa = PBXFileReference; lastKnownFileType = sourcecode.swift; path = ShoppingBasket.swift; sourceTree = "<group>"; };
		91CB4FAF3659149DD64188B8 /* Pods-EasyShopper.debug.xcconfig */ = {isa = PBXFileReference; includeInIndex = 1; lastKnownFileType = text.xcconfig; name = "Pods-EasyShopper.debug.xcconfig"; path = "Target Support Files/Pods-EasyShopper/Pods-EasyShopper.debug.xcconfig"; sourceTree = "<group>"; };
		A68B3488C1C9850E735F4065 /* Pods-EasyShopper.release.xcconfig */ = {isa = PBXFileReference; includeInIndex = 1; lastKnownFileType = text.xcconfig; name = "Pods-EasyShopper.release.xcconfig"; path = "Target Support Files/Pods-EasyShopper/Pods-EasyShopper.release.xcconfig"; sourceTree = "<group>"; };
		F14D75317D3281442EC3B0DB /* Pods_EasyShopper.framework */ = {isa = PBXFileReference; explicitFileType = wrapper.framework; includeInIndex = 0; path = Pods_EasyShopper.framework; sourceTree = BUILT_PRODUCTS_DIR; };
/* End PBXFileReference section */

/* Begin PBXFrameworksBuildPhase section */
		3174478E2492AE7000862E28 /* Frameworks */ = {
			isa = PBXFrameworksBuildPhase;
			buildActionMask = 2147483647;
			files = (
				1302E0250518EE78C7CD2EA3 /* Pods_EasyShopper.framework in Frameworks */,
			);
			runOnlyForDeploymentPostprocessing = 0;
		};
/* End PBXFrameworksBuildPhase section */

/* Begin PBXGroup section */
		1024C13724A7540E002593A9 /* Repository */ = {
			isa = PBXGroup;
			children = (
				1024C13824A75422002593A9 /* MainContainer.swift */,
				10D7D06A24A94C6C00F6A2CA /* ProductService.swift */,
			);
			path = Repository;
			sourceTree = "<group>";
		};
		1024C13A24A7543D002593A9 /* Services */ = {
			isa = PBXGroup;
			children = (
				1024C13B24A7544F002593A9 /* API.swift */,
			);
			path = Services;
			sourceTree = "<group>";
		};
		1095E56924A8D1E6001DF322 /* Cordinator */ = {
			isa = PBXGroup;
			children = (
				1095E56F24A8D2D4001DF322 /* Coordinators */,
				1095E56A24A8D239001DF322 /* Coordinator.swift */,
			);
			path = Cordinator;
			sourceTree = "<group>";
		};
		1095E56C24A8D257001DF322 /* StoryBoardProtocols */ = {
			isa = PBXGroup;
			children = (
				1095E56D24A8D285001DF322 /* Storyboarded.swift */,
			);
			path = StoryBoardProtocols;
			sourceTree = "<group>";
		};
		1095E56F24A8D2D4001DF322 /* Coordinators */ = {
			isa = PBXGroup;
			children = (
				1095E57224A8D2F9001DF322 /* MainCoordinator.swift */,
			);
			path = Coordinators;
			sourceTree = "<group>";
		};
		1095E57424A8D3CE001DF322 /* ViewModel */ = {
			isa = PBXGroup;
			children = (
				1095E57524A8D3E0001DF322 /* BasketViewModel.swift */,
				1095E57724A8D3FA001DF322 /* ShopViewModel.swift */,
			);
			path = ViewModel;
			sourceTree = "<group>";
		};
		1095E57924A8D40E001DF322 /* Controllers */ = {
			isa = PBXGroup;
			children = (
				1095E57C24A8D468001DF322 /* ShopViewController.swift */,
				1095E57A24A8D42D001DF322 /* BasketViewController.swift */,
			);
			path = Controllers;
			sourceTree = "<group>";
		};
		1095E57E24A8D6C7001DF322 /* Cells */ = {
			isa = PBXGroup;
			children = (
				1095E58324A8DEF3001DF322 /* ProductTVCell.swift */,
				1095E58424A8DEF3001DF322 /* ProductTVCell.xib */,
			);
			path = Cells;
			sourceTree = "<group>";
		};
		1095E58724A8E006001DF322 /* Protocols */ = {
			isa = PBXGroup;
			children = (
				1095E58824A8E01F001DF322 /* BasketParent.swift */,
			);
			path = Protocols;
			sourceTree = "<group>";
		};
		10AD488C24AA2CD100F3BB01 /* Extension */ = {
			isa = PBXGroup;
			children = (
				10AD488D24AA2D1800F3BB01 /* UIImageView+Download.swift */,
			);
			path = Extension;
			sourceTree = "<group>";
		};
		10CCAD8724AA5AAD00A3A1E6 /* Utilities */ = {
			isa = PBXGroup;
			children = (
				10CCAD8824AA5B9600A3A1E6 /* Util.swift */,
			);
			path = Utilities;
			sourceTree = "<group>";
		};
		317447882492AE7000862E28 = {
			isa = PBXGroup;
			children = (
				317447932492AE7000862E28 /* EasyShopper */,
				317447922492AE7000862E28 /* Products */,
				E4530A284C25EAFE4912E9F6 /* Pods */,
				BE772D73229973FB2DD38530 /* Frameworks */,
			);
			sourceTree = "<group>";
		};
		317447922492AE7000862E28 /* Products */ = {
			isa = PBXGroup;
			children = (
				317447912492AE7000862E28 /* EasyShopper.app */,
			);
			name = Products;
			sourceTree = "<group>";
		};
		317447932492AE7000862E28 /* EasyShopper */ = {
			isa = PBXGroup;
			children = (
				10CCAD8724AA5AAD00A3A1E6 /* Utilities */,
				10AD488C24AA2CD100F3BB01 /* Extension */,
				1095E58724A8E006001DF322 /* Protocols */,
				1095E57E24A8D6C7001DF322 /* Cells */,
				1095E57924A8D40E001DF322 /* Controllers */,
				1095E57424A8D3CE001DF322 /* ViewModel */,
				1095E56C24A8D257001DF322 /* StoryBoardProtocols */,
				1095E56924A8D1E6001DF322 /* Cordinator */,
				1024C13A24A7543D002593A9 /* Services */,
				1024C13724A7540E002593A9 /* Repository */,
				317447AD2492B6C600862E28 /* Models */,
				317447A82492AE8E00862E28 /* DemoData */,
				317447942492AE7000862E28 /* AppDelegate.swift */,
				317447962492AE7000862E28 /* SceneDelegate.swift */,
				3174479A2492AE7000862E28 /* Main.storyboard */,
				3174479D2492AE7200862E28 /* Assets.xcassets */,
				3174479F2492AE7200862E28 /* LaunchScreen.storyboard */,
				317447A22492AE7200862E28 /* Info.plist */,
			);
			path = EasyShopper;
			sourceTree = "<group>";
		};
		317447A82492AE8E00862E28 /* DemoData */ = {
			isa = PBXGroup;
			children = (
				317447A92492AEAA00862E28 /* NetworkServiceMock.swift */,
				317447AB2492AEE500862E28 /* DemoData.swift */,
			);
			path = DemoData;
			sourceTree = "<group>";
		};
		317447AD2492B6C600862E28 /* Models */ = {
			isa = PBXGroup;
			children = (
				317447AE2492B6DC00862E28 /* Product.swift */,
				317447B02492B78A00862E28 /* ShoppingBasket.swift */,
			);
			path = Models;
			sourceTree = "<group>";
		};
		BE772D73229973FB2DD38530 /* Frameworks */ = {
			isa = PBXGroup;
			children = (
				F14D75317D3281442EC3B0DB /* Pods_EasyShopper.framework */,
			);
			name = Frameworks;
			sourceTree = "<group>";
		};
		E4530A284C25EAFE4912E9F6 /* Pods */ = {
			isa = PBXGroup;
			children = (
				91CB4FAF3659149DD64188B8 /* Pods-EasyShopper.debug.xcconfig */,
				A68B3488C1C9850E735F4065 /* Pods-EasyShopper.release.xcconfig */,
			);
			path = Pods;
			sourceTree = "<group>";
		};
/* End PBXGroup section */

/* Begin PBXNativeTarget section */
		317447902492AE7000862E28 /* EasyShopper */ = {
			isa = PBXNativeTarget;
			buildConfigurationList = 317447A52492AE7200862E28 /* Build configuration list for PBXNativeTarget "EasyShopper" */;
			buildPhases = (
				C7765C7D5DBBA12E4CC908EC /* [CP] Check Pods Manifest.lock */,
				3174478D2492AE7000862E28 /* Sources */,
				3174478E2492AE7000862E28 /* Frameworks */,
				3174478F2492AE7000862E28 /* Resources */,
				7F96FD515048DBE9865DA361 /* [CP] Embed Pods Frameworks */,
			);
			buildRules = (
			);
			dependencies = (
			);
			name = EasyShopper;
			productName = EasyShopper;
			productReference = 317447912492AE7000862E28 /* EasyShopper.app */;
			productType = "com.apple.product-type.application";
		};
/* End PBXNativeTarget section */

/* Begin PBXProject section */
		317447892492AE7000862E28 /* Project object */ = {
			isa = PBXProject;
			attributes = {
				LastSwiftUpdateCheck = 1150;
				LastUpgradeCheck = 1150;
				ORGANIZATIONNAME = "Ka-ching";
				TargetAttributes = {
					317447902492AE7000862E28 = {
						CreatedOnToolsVersion = 11.5;
					};
				};
			};
			buildConfigurationList = 3174478C2492AE7000862E28 /* Build configuration list for PBXProject "EasyShopper" */;
			compatibilityVersion = "Xcode 9.3";
			developmentRegion = en;
			hasScannedForEncodings = 0;
			knownRegions = (
				en,
				Base,
			);
			mainGroup = 317447882492AE7000862E28;
			productRefGroup = 317447922492AE7000862E28 /* Products */;
			projectDirPath = "";
			projectRoot = "";
			targets = (
				317447902492AE7000862E28 /* EasyShopper */,
			);
		};
/* End PBXProject section */

/* Begin PBXResourcesBuildPhase section */
		3174478F2492AE7000862E28 /* Resources */ = {
			isa = PBXResourcesBuildPhase;
			buildActionMask = 2147483647;
			files = (
				317447A12492AE7200862E28 /* LaunchScreen.storyboard in Resources */,
				1095E58624A8DEF3001DF322 /* ProductTVCell.xib in Resources */,
				3174479E2492AE7200862E28 /* Assets.xcassets in Resources */,
				3174479C2492AE7000862E28 /* Main.storyboard in Resources */,
			);
			runOnlyForDeploymentPostprocessing = 0;
		};
/* End PBXResourcesBuildPhase section */

/* Begin PBXShellScriptBuildPhase section */
		7F96FD515048DBE9865DA361 /* [CP] Embed Pods Frameworks */ = {
			isa = PBXShellScriptBuildPhase;
			buildActionMask = 2147483647;
			files = (
			);
			inputFileListPaths = (
				"${PODS_ROOT}/Target Support Files/Pods-EasyShopper/Pods-EasyShopper-frameworks-${CONFIGURATION}-input-files.xcfilelist",
			);
			name = "[CP] Embed Pods Frameworks";
			outputFileListPaths = (
				"${PODS_ROOT}/Target Support Files/Pods-EasyShopper/Pods-EasyShopper-frameworks-${CONFIGURATION}-output-files.xcfilelist",
			);
			runOnlyForDeploymentPostprocessing = 0;
			shellPath = /bin/sh;
			shellScript = "\"${PODS_ROOT}/Target Support Files/Pods-EasyShopper/Pods-EasyShopper-frameworks.sh\"\n";
			showEnvVarsInLog = 0;
		};
		C7765C7D5DBBA12E4CC908EC /* [CP] Check Pods Manifest.lock */ = {
			isa = PBXShellScriptBuildPhase;
			buildActionMask = 2147483647;
			files = (
			);
			inputFileListPaths = (
			);
			inputPaths = (
				"${PODS_PODFILE_DIR_PATH}/Podfile.lock",
				"${PODS_ROOT}/Manifest.lock",
			);
			name = "[CP] Check Pods Manifest.lock";
			outputFileListPaths = (
			);
			outputPaths = (
				"$(DERIVED_FILE_DIR)/Pods-EasyShopper-checkManifestLockResult.txt",
			);
			runOnlyForDeploymentPostprocessing = 0;
			shellPath = /bin/sh;
			shellScript = "diff \"${PODS_PODFILE_DIR_PATH}/Podfile.lock\" \"${PODS_ROOT}/Manifest.lock\" > /dev/null\nif [ $? != 0 ] ; then\n    # print error to STDERR\n    echo \"error: The sandbox is not in sync with the Podfile.lock. Run 'pod install' or update your CocoaPods installation.\" >&2\n    exit 1\nfi\n# This output is used by Xcode 'outputs' to avoid re-running this script phase.\necho \"SUCCESS\" > \"${SCRIPT_OUTPUT_FILE_0}\"\n";
			showEnvVarsInLog = 0;
		};
/* End PBXShellScriptBuildPhase section */

/* Begin PBXSourcesBuildPhase section */
		3174478D2492AE7000862E28 /* Sources */ = {
			isa = PBXSourcesBuildPhase;
			buildActionMask = 2147483647;
			files = (
				1095E57B24A8D42D001DF322 /* BasketViewController.swift in Sources */,
				317447AA2492AEAA00862E28 /* NetworkServiceMock.swift in Sources */,
				1095E57624A8D3E0001DF322 /* BasketViewModel.swift in Sources */,
				1095E58924A8E01F001DF322 /* BasketParent.swift in Sources */,
				1095E57324A8D2F9001DF322 /* MainCoordinator.swift in Sources */,
				1095E56B24A8D239001DF322 /* Coordinator.swift in Sources */,
				317447952492AE7000862E28 /* AppDelegate.swift in Sources */,
				10CCAD8924AA5B9600A3A1E6 /* Util.swift in Sources */,
				1095E57824A8D3FA001DF322 /* ShopViewModel.swift in Sources */,
				317447B12492B78A00862E28 /* ShoppingBasket.swift in Sources */,
				317447972492AE7000862E28 /* SceneDelegate.swift in Sources */,
				1095E58524A8DEF3001DF322 /* ProductTVCell.swift in Sources */,
				317447AC2492AEE500862E28 /* DemoData.swift in Sources */,
				1095E56E24A8D285001DF322 /* Storyboarded.swift in Sources */,
				10AD488E24AA2D1800F3BB01 /* UIImageView+Download.swift in Sources */,
				1095E57D24A8D468001DF322 /* ShopViewController.swift in Sources */,
				1024C13924A75422002593A9 /* MainContainer.swift in Sources */,
				1024C13C24A7544F002593A9 /* API.swift in Sources */,
				317447AF2492B6DC00862E28 /* Product.swift in Sources */,
				10D7D06B24A94C6C00F6A2CA /* ProductService.swift in Sources */,
			);
			runOnlyForDeploymentPostprocessing = 0;
		};
/* End PBXSourcesBuildPhase section */

/* Begin PBXVariantGroup section */
		3174479A2492AE7000862E28 /* Main.storyboard */ = {
			isa = PBXVariantGroup;
			children = (
				3174479B2492AE7000862E28 /* Base */,
			);
			name = Main.storyboard;
			sourceTree = "<group>";
		};
		3174479F2492AE7200862E28 /* LaunchScreen.storyboard */ = {
			isa = PBXVariantGroup;
			children = (
				317447A02492AE7200862E28 /* Base */,
			);
			name = LaunchScreen.storyboard;
			sourceTree = "<group>";
		};
/* End PBXVariantGroup section */

/* Begin XCBuildConfiguration section */
		317447A32492AE7200862E28 /* Debug */ = {
			isa = XCBuildConfiguration;
			buildSettings = {
				ALWAYS_SEARCH_USER_PATHS = NO;
				CLANG_ANALYZER_NONNULL = YES;
				CLANG_ANALYZER_NUMBER_OBJECT_CONVERSION = YES_AGGRESSIVE;
				CLANG_CXX_LANGUAGE_STANDARD = "gnu++14";
				CLANG_CXX_LIBRARY = "libc++";
				CLANG_ENABLE_MODULES = YES;
				CLANG_ENABLE_OBJC_ARC = YES;
				CLANG_ENABLE_OBJC_WEAK = YES;
				CLANG_WARN_BLOCK_CAPTURE_AUTORELEASING = YES;
				CLANG_WARN_BOOL_CONVERSION = YES;
				CLANG_WARN_COMMA = YES;
				CLANG_WARN_CONSTANT_CONVERSION = YES;
				CLANG_WARN_DEPRECATED_OBJC_IMPLEMENTATIONS = YES;
				CLANG_WARN_DIRECT_OBJC_ISA_USAGE = YES_ERROR;
				CLANG_WARN_DOCUMENTATION_COMMENTS = YES;
				CLANG_WARN_EMPTY_BODY = YES;
				CLANG_WARN_ENUM_CONVERSION = YES;
				CLANG_WARN_INFINITE_RECURSION = YES;
				CLANG_WARN_INT_CONVERSION = YES;
				CLANG_WARN_NON_LITERAL_NULL_CONVERSION = YES;
				CLANG_WARN_OBJC_IMPLICIT_RETAIN_SELF = YES;
				CLANG_WARN_OBJC_LITERAL_CONVERSION = YES;
				CLANG_WARN_OBJC_ROOT_CLASS = YES_ERROR;
				CLANG_WARN_RANGE_LOOP_ANALYSIS = YES;
				CLANG_WARN_STRICT_PROTOTYPES = YES;
				CLANG_WARN_SUSPICIOUS_MOVE = YES;
				CLANG_WARN_UNGUARDED_AVAILABILITY = YES_AGGRESSIVE;
				CLANG_WARN_UNREACHABLE_CODE = YES;
				CLANG_WARN__DUPLICATE_METHOD_MATCH = YES;
				COPY_PHASE_STRIP = NO;
				DEBUG_INFORMATION_FORMAT = dwarf;
				ENABLE_STRICT_OBJC_MSGSEND = YES;
				ENABLE_TESTABILITY = YES;
				GCC_C_LANGUAGE_STANDARD = gnu11;
				GCC_DYNAMIC_NO_PIC = NO;
				GCC_NO_COMMON_BLOCKS = YES;
				GCC_OPTIMIZATION_LEVEL = 0;
				GCC_PREPROCESSOR_DEFINITIONS = (
					"DEBUG=1",
					"$(inherited)",
				);
				GCC_WARN_64_TO_32_BIT_CONVERSION = YES;
				GCC_WARN_ABOUT_RETURN_TYPE = YES_ERROR;
				GCC_WARN_UNDECLARED_SELECTOR = YES;
				GCC_WARN_UNINITIALIZED_AUTOS = YES_AGGRESSIVE;
				GCC_WARN_UNUSED_FUNCTION = YES;
				GCC_WARN_UNUSED_VARIABLE = YES;
				IPHONEOS_DEPLOYMENT_TARGET = 13.5;
				MTL_ENABLE_DEBUG_INFO = INCLUDE_SOURCE;
				MTL_FAST_MATH = YES;
				ONLY_ACTIVE_ARCH = YES;
				SDKROOT = iphoneos;
				SWIFT_ACTIVE_COMPILATION_CONDITIONS = DEBUG;
				SWIFT_OPTIMIZATION_LEVEL = "-Onone";
			};
			name = Debug;
		};
		317447A42492AE7200862E28 /* Release */ = {
			isa = XCBuildConfiguration;
			buildSettings = {
				ALWAYS_SEARCH_USER_PATHS = NO;
				CLANG_ANALYZER_NONNULL = YES;
				CLANG_ANALYZER_NUMBER_OBJECT_CONVERSION = YES_AGGRESSIVE;
				CLANG_CXX_LANGUAGE_STANDARD = "gnu++14";
				CLANG_CXX_LIBRARY = "libc++";
				CLANG_ENABLE_MODULES = YES;
				CLANG_ENABLE_OBJC_ARC = YES;
				CLANG_ENABLE_OBJC_WEAK = YES;
				CLANG_WARN_BLOCK_CAPTURE_AUTORELEASING = YES;
				CLANG_WARN_BOOL_CONVERSION = YES;
				CLANG_WARN_COMMA = YES;
				CLANG_WARN_CONSTANT_CONVERSION = YES;
				CLANG_WARN_DEPRECATED_OBJC_IMPLEMENTATIONS = YES;
				CLANG_WARN_DIRECT_OBJC_ISA_USAGE = YES_ERROR;
				CLANG_WARN_DOCUMENTATION_COMMENTS = YES;
				CLANG_WARN_EMPTY_BODY = YES;
				CLANG_WARN_ENUM_CONVERSION = YES;
				CLANG_WARN_INFINITE_RECURSION = YES;
				CLANG_WARN_INT_CONVERSION = YES;
				CLANG_WARN_NON_LITERAL_NULL_CONVERSION = YES;
				CLANG_WARN_OBJC_IMPLICIT_RETAIN_SELF = YES;
				CLANG_WARN_OBJC_LITERAL_CONVERSION = YES;
				CLANG_WARN_OBJC_ROOT_CLASS = YES_ERROR;
				CLANG_WARN_RANGE_LOOP_ANALYSIS = YES;
				CLANG_WARN_STRICT_PROTOTYPES = YES;
				CLANG_WARN_SUSPICIOUS_MOVE = YES;
				CLANG_WARN_UNGUARDED_AVAILABILITY = YES_AGGRESSIVE;
				CLANG_WARN_UNREACHABLE_CODE = YES;
				CLANG_WARN__DUPLICATE_METHOD_MATCH = YES;
				COPY_PHASE_STRIP = NO;
				DEBUG_INFORMATION_FORMAT = "dwarf-with-dsym";
				ENABLE_NS_ASSERTIONS = NO;
				ENABLE_STRICT_OBJC_MSGSEND = YES;
				GCC_C_LANGUAGE_STANDARD = gnu11;
				GCC_NO_COMMON_BLOCKS = YES;
				GCC_WARN_64_TO_32_BIT_CONVERSION = YES;
				GCC_WARN_ABOUT_RETURN_TYPE = YES_ERROR;
				GCC_WARN_UNDECLARED_SELECTOR = YES;
				GCC_WARN_UNINITIALIZED_AUTOS = YES_AGGRESSIVE;
				GCC_WARN_UNUSED_FUNCTION = YES;
				GCC_WARN_UNUSED_VARIABLE = YES;
				IPHONEOS_DEPLOYMENT_TARGET = 13.5;
				MTL_ENABLE_DEBUG_INFO = NO;
				MTL_FAST_MATH = YES;
				SDKROOT = iphoneos;
				SWIFT_COMPILATION_MODE = wholemodule;
				SWIFT_OPTIMIZATION_LEVEL = "-O";
				VALIDATE_PRODUCT = YES;
			};
			name = Release;
		};
		317447A62492AE7200862E28 /* Debug */ = {
			isa = XCBuildConfiguration;
			baseConfigurationReference = 91CB4FAF3659149DD64188B8 /* Pods-EasyShopper.debug.xcconfig */;
			buildSettings = {
				ASSETCATALOG_COMPILER_APPICON_NAME = AppIcon;
				CODE_SIGN_STYLE = Automatic;
				DEVELOPMENT_TEAM = 9LJZLQ4FN3;
				INFOPLIST_FILE = EasyShopper/Info.plist;
				LD_RUNPATH_SEARCH_PATHS = (
					"$(inherited)",
					"@executable_path/Frameworks",
				);
				PRODUCT_BUNDLE_IDENTIFIER = "dk.ka-ching.EasyShopper123";
				PRODUCT_NAME = "$(TARGET_NAME)";
				SWIFT_VERSION = 5.0;
				TARGETED_DEVICE_FAMILY = "1,2";
			};
			name = Debug;
		};
		317447A72492AE7200862E28 /* Release */ = {
			isa = XCBuildConfiguration;
			baseConfigurationReference = A68B3488C1C9850E735F4065 /* Pods-EasyShopper.release.xcconfig */;
			buildSettings = {
				ASSETCATALOG_COMPILER_APPICON_NAME = AppIcon;
				CODE_SIGN_STYLE = Automatic;
				DEVELOPMENT_TEAM = 9LJZLQ4FN3;
				INFOPLIST_FILE = EasyShopper/Info.plist;
				LD_RUNPATH_SEARCH_PATHS = (
					"$(inherited)",
					"@executable_path/Frameworks",
				);
				PRODUCT_BUNDLE_IDENTIFIER = "dk.ka-ching.EasyShopper123";
				PRODUCT_NAME = "$(TARGET_NAME)";
				SWIFT_VERSION = 5.0;
				TARGETED_DEVICE_FAMILY = "1,2";
			};
			name = Release;
		};
/* End XCBuildConfiguration section */

/* Begin XCConfigurationList section */
		3174478C2492AE7000862E28 /* Build configuration list for PBXProject "EasyShopper" */ = {
			isa = XCConfigurationList;
			buildConfigurations = (
				317447A32492AE7200862E28 /* Debug */,
				317447A42492AE7200862E28 /* Release */,
			);
			defaultConfigurationIsVisible = 0;
			defaultConfigurationName = Release;
		};
		317447A52492AE7200862E28 /* Build configuration list for PBXNativeTarget "EasyShopper" */ = {
			isa = XCConfigurationList;
			buildConfigurations = (
				317447A62492AE7200862E28 /* Debug */,
				317447A72492AE7200862E28 /* Release */,
			);
			defaultConfigurationIsVisible = 0;
			defaultConfigurationName = Release;
		};
/* End XCConfigurationList section */
	};
	rootObject = 317447892492AE7000862E28 /* Project object */;
}
